
Microsoft Visual Studio Solution File, Format Version 12.00
# Visual Studio Version 16
VisualStudioVersion = 16.0.30320.27
MinimumVisualStudioVersion = 10.0.40219.1
Project("{FAE04EC0-301F-11D3-BF4B-00C04F79EFBC}") = "LinqExamples", "LinqExamples\LinqExamples.csproj", "{A24A1456-6EF3-4680-BB54-9574374732C2}"
EndProject
Global
	GlobalSection(SolutionConfigurationPlatforms) = preSolution
		Debug|Any CPU = Debug|Any CPU
		Release|Any CPU = Release|Any CPU
	EndGlobalSection
	GlobalSection(ProjectConfigurationPlatforms) = postSolution
		{A24A1456-6EF3-4680-BB54-9574374732C2}.Debug|Any CPU.ActiveCfg = Debug|Any CPU
		{A24A1456-6EF3-4680-BB54-9574374732C2}.Debug|Any CPU.Build.0 = Debug|Any CPU
		{A24A1456-6EF3-4680-BB54-9574374732C2}.Release|Any CPU.ActiveCfg = Release|Any CPU
		{A24A1456-6EF3-4680-BB54-9574374732C2}.Release|Any CPU.Build.0 = Release|Any CPU
	EndGlobalSection
	GlobalSection(SolutionProperties) = preSolution
		HideSolutionNode = FALSE
	EndGlobalSection
	GlobalSection(ExtensibilityGlobals) = postSolution
		SolutionGuid = {98503B7C-93FE-412B-84C7-38611DA639A0}
	EndGlobalSection
EndGlobal
